
Microsoft Visual Studio Solution File, Format Version 12.00
# Visual Studio Version 17
VisualStudioVersion = 17.0.31919.166
MinimumVisualStudioVersion = 10.0.40219.1
Project("{9A19103F-16F7-4668-BE54-9A1E7A4F7556}") = "Task3", "Task3\Task3.csproj", "{0B21D4E2-053E-4203-BE4B-B59C5ED44CAE}"
EndProject
Project("{9A19103F-16F7-4668-BE54-9A1E7A4F7556}") = "ATS.Core", "ATS.Core\ATS.Core.csproj", "{C4E53FF7-7977-4FB9-8EBA-6D6CD6D8054F}"
EndProject
Project("{9A19103F-16F7-4668-BE54-9A1E7A4F7556}") = "Logging", "Logging\Logging.csproj", "{BC3E56F6-1714-4C19-9B97-B24B02E9C1CA}"
EndProject
Project("{FAE04EC0-301F-11D3-BF4B-00C04F79EFBC}") = "Services", "Services\Services.csproj", "{F70C5035-2792-4072-982C-331CC794FE4F}"
EndProject
Global
	GlobalSection(SolutionConfigurationPlatforms) = preSolution
		Debug|Any CPU = Debug|Any CPU
		Release|Any CPU = Release|Any CPU
	EndGlobalSection
	GlobalSection(ProjectConfigurationPlatforms) = postSolution
		{0B21D4E2-053E-4203-BE4B-B59C5ED44CAE}.Debug|Any CPU.ActiveCfg = Debug|Any CPU
		{0B21D4E2-053E-4203-BE4B-B59C5ED44CAE}.Debug|Any CPU.Build.0 = Debug|Any CPU
		{0B21D4E2-053E-4203-BE4B-B59C5ED44CAE}.Release|Any CPU.ActiveCfg = Release|Any CPU
		{0B21D4E2-053E-4203-BE4B-B59C5ED44CAE}.Release|Any CPU.Build.0 = Release|Any CPU
		{C4E53FF7-7977-4FB9-8EBA-6D6CD6D8054F}.Debug|Any CPU.ActiveCfg = Debug|Any CPU
		{C4E53FF7-7977-4FB9-8EBA-6D6CD6D8054F}.Debug|Any CPU.Build.0 = Debug|Any CPU
		{C4E53FF7-7977-4FB9-8EBA-6D6CD6D8054F}.Release|Any CPU.ActiveCfg = Release|Any CPU
		{C4E53FF7-7977-4FB9-8EBA-6D6CD6D8054F}.Release|Any CPU.Build.0 = Release|Any CPU
		{BC3E56F6-1714-4C19-9B97-B24B02E9C1CA}.Debug|Any CPU.ActiveCfg = Debug|Any CPU
		{BC3E56F6-1714-4C19-9B97-B24B02E9C1CA}.Debug|Any CPU.Build.0 = Debug|Any CPU
		{BC3E56F6-1714-4C19-9B97-B24B02E9C1CA}.Release|Any CPU.ActiveCfg = Release|Any CPU
		{BC3E56F6-1714-4C19-9B97-B24B02E9C1CA}.Release|Any CPU.Build.0 = Release|Any CPU
		{F70C5035-2792-4072-982C-331CC794FE4F}.Debug|Any CPU.ActiveCfg = Debug|Any CPU
		{F70C5035-2792-4072-982C-331CC794FE4F}.Debug|Any CPU.Build.0 = Debug|Any CPU
		{F70C5035-2792-4072-982C-331CC794FE4F}.Release|Any CPU.ActiveCfg = Release|Any CPU
		{F70C5035-2792-4072-982C-331CC794FE4F}.Release|Any CPU.Build.0 = Release|Any CPU
	EndGlobalSection
	GlobalSection(SolutionProperties) = preSolution
		HideSolutionNode = FALSE
	EndGlobalSection
	GlobalSection(ExtensibilityGlobals) = postSolution
		SolutionGuid = {02CA61E2-0EE5-470A-A695-1C346EA6EC33}
	EndGlobalSection
EndGlobal
