
Microsoft Visual Studio Solution File, Format Version 12.00
# Visual Studio Version 17
VisualStudioVersion = 17.0.31903.59
MinimumVisualStudioVersion = 10.0.40219.1
Project("{FAE04EC0-301F-11D3-BF4B-00C04F79EFBC}") = "Chef", "Chef\Chef.csproj", "{D2AF45D0-7231-44A6-ADD2-18A7A4D9674E}"
EndProject
Global
	GlobalSection(SolutionConfigurationPlatforms) = preSolution
		Debug|Any CPU = Debug|Any CPU
		Release|Any CPU = Release|Any CPU
	EndGlobalSection
	GlobalSection(ProjectConfigurationPlatforms) = postSolution
		{D2AF45D0-7231-44A6-ADD2-18A7A4D9674E}.Debug|Any CPU.ActiveCfg = Debug|Any CPU
		{D2AF45D0-7231-44A6-ADD2-18A7A4D9674E}.Debug|Any CPU.Build.0 = Debug|Any CPU
		{D2AF45D0-7231-44A6-ADD2-18A7A4D9674E}.Release|Any CPU.ActiveCfg = Release|Any CPU
		{D2AF45D0-7231-44A6-ADD2-18A7A4D9674E}.Release|Any CPU.Build.0 = Release|Any CPU
	EndGlobalSection
	GlobalSection(SolutionProperties) = preSolution
		HideSolutionNode = FALSE
	EndGlobalSection
	GlobalSection(ExtensibilityGlobals) = postSolution
		SolutionGuid = {118D9753-1986-4944-B69C-EA50375B15CE}
	EndGlobalSection
EndGlobal
