
Microsoft Visual Studio Solution File, Format Version 12.00
# Visual Studio Version 17
VisualStudioVersion = 17.0.31912.275
MinimumVisualStudioVersion = 10.0.40219.1
Project("{9A19103F-16F7-4668-BE54-9A1E7A4F7556}") = "Task2", "Task2\Task2.csproj", "{5F0805BB-BED1-4098-82E7-0F831273CF28}"
	ProjectSection(ProjectDependencies) = postProject
		{CCA6BA58-DE29-4BBD-B813-692A1582D16E} = {CCA6BA58-DE29-4BBD-B813-692A1582D16E}
	EndProjectSection
EndProject
Project("{FAE04EC0-301F-11D3-BF4B-00C04F79EFBC}") = "Task2.Core", "Task2.Core\Task2.Core.csproj", "{CCA6BA58-DE29-4BBD-B813-692A1582D16E}"
EndProject
Global
	GlobalSection(SolutionConfigurationPlatforms) = preSolution
		Debug|Any CPU = Debug|Any CPU
		Release|Any CPU = Release|Any CPU
	EndGlobalSection
	GlobalSection(ProjectConfigurationPlatforms) = postSolution
		{5F0805BB-BED1-4098-82E7-0F831273CF28}.Debug|Any CPU.ActiveCfg = Debug|Any CPU
		{5F0805BB-BED1-4098-82E7-0F831273CF28}.Debug|Any CPU.Build.0 = Debug|Any CPU
		{5F0805BB-BED1-4098-82E7-0F831273CF28}.Release|Any CPU.ActiveCfg = Release|Any CPU
		{5F0805BB-BED1-4098-82E7-0F831273CF28}.Release|Any CPU.Build.0 = Release|Any CPU
		{CCA6BA58-DE29-4BBD-B813-692A1582D16E}.Debug|Any CPU.ActiveCfg = Debug|Any CPU
		{CCA6BA58-DE29-4BBD-B813-692A1582D16E}.Debug|Any CPU.Build.0 = Debug|Any CPU
		{CCA6BA58-DE29-4BBD-B813-692A1582D16E}.Release|Any CPU.ActiveCfg = Release|Any CPU
		{CCA6BA58-DE29-4BBD-B813-692A1582D16E}.Release|Any CPU.Build.0 = Release|Any CPU
	EndGlobalSection
	GlobalSection(SolutionProperties) = preSolution
		HideSolutionNode = FALSE
	EndGlobalSection
	GlobalSection(ExtensibilityGlobals) = postSolution
		SolutionGuid = {EBD320DB-2BC3-403C-9729-DCA0B7C92C33}
	EndGlobalSection
EndGlobal
